dependencies:
- name: common
  repository: https://charts.bitnami.com/bitnami
  version: 1.14.1
- name: etcd
  repository: https://charts.bitnami.com/bitnami
  version: 6.13.5
- name: prometheus
  repository: https://prometheus-community.github.io/helm-charts
  version: 15.5.3
digest: sha256:7aa89384a058f85b89e8d945ed5cf25350018f566436a5fa115f1ba0d1353a02
generated: "2022-08-30T10:28:49.293762715+05:30"
