dependencies:
- name: common
  repository: https://charts.bitnami.com/bitnami
  version: 1.17.1
- name: etcd
  repository: https://charts.bitnami.com/bitnami
  version: 8.8.1
- name: prometheus
  repository: https://prometheus-community.github.io/helm-charts
  version: 15.18.0
digest: sha256:9c064f9fa1edf55eefbb58dc29ed1606e00285c27e64289a6053cfdc5786aa20
generated: "2023-04-06T21:08:59.18044504+05:30"
