# Generated by buf. DO NOT EDIT.
version: v1
deps:
  - remote: buf.build
    owner: cncf
    repository: xds
    commit: 0d869d8e763c430498070035c02ac001
    digest: shake256:b86eabc7d6290b46989d8db4ea39f7e4932d736373960ad4bf0d3118a76d5159c40cab7086fbb82d981aad1effcf45a3ff514adfff882460aa9dd2eb6d5535f5
  - remote: buf.build
    owner: envoyproxy
    repository: envoy
    commit: 49941696d0b34034a087c50eeb7feefa
    digest: shake256:792618908f92e74280ad5caa73b8a1e9a942c454f2ad3fd760b8635737dfe1511cdfca64b0e818a262527203cef22744f61079054cd52b960ccd18ce51349eed
  - remote: buf.build
    owner: envoyproxy
    repository: protoc-gen-validate
    commit: 6607b10f00ed4a3d98f906807131c44a
    digest: shake256:acc7b2ededb2f88d296862943a003b157bdb68ec93ed13dcd8566b2d06e47993ea6daf12013b9655658aaf6bbdb141cf65bfe400ce2870f4654b0a5b45e57c09
  - remote: buf.build
    owner: googleapis
    repository: googleapis
    commit: 711e289f6a384c4caeebaff7c6931ade
    digest: shake256:e08fb55dad7469f69df00304eed31427d2d1576e9aab31e6bf86642688e04caaf0372f15fe6974cf79432779a635b3ea401ca69c943976dc42749524e4c25d94
  - remote: buf.build
    owner: grpc-ecosystem
    repository: grpc-gateway
    commit: fed2dcdcfd694403ad51cd3c94957830
    digest: shake256:ed076a21e3d772892fc465ced0e4dd50f9dba86fdd4473920eaa25efa4807644e8e021be423dcfcee74bf4242e7e57422393f9b1abb10acb18ea1a5df509bb19
  - remote: buf.build
    owner: opencensus
    repository: opencensus
    commit: 7e475551350545bda1ccb1e258c7b125
    digest: shake256:22499ad9824a29151f38e3ea026166bd2258f1f1b40d11246cb80718bff5d4a7fecd47ef857f5cd98609d7847c93329f603a4e43348abd7ac1ead22a6a964b05
  - remote: buf.build
    owner: opentelemetry
    repository: opentelemetry
    commit: b93f1c8ac18541a8a331ca1041916b78
    digest: shake256:9724e8b27d1c1645242e3b613edf0910b3dce4796764e8d1fbe8c4b8d437a1636fe4575d1f77e27e0380808af95715ae5b49fe2fceae147a3f18d761688cde7b
  - remote: buf.build
    owner: prometheus
    repository: client-model
    commit: 741a6a7bbc7645f89b588c47a06fceb3
    digest: shake256:1b6db8908bc8557f4e87b308ea98debe476a119fb620e41d873df1065dd0d1b04dbb4466b5da52b985efd47f5f6658c2e33d11df63557e96ff6d54752cffdef2
