# Generated by buf. DO NOT EDIT.
version: v1
deps:
  - remote: buf.build
    owner: cncf
    repository: xds
    commit: 23263dcfaa964430bbca2ff54c81215c
    digest: shake256:33a6ce59eb3d36c807edbaef7b0af2193765f981d7e625ac28f2d780da0f8e92d4a70b64e6ccb8484528e3b85365a716863ce90afc6008e46056ade717da4c78
  - remote: buf.build
    owner: envoyproxy
    repository: envoy
    commit: 5b59168cb47246a3b40d27598b6d5909
    digest: shake256:e219b11f3e40c9e2956286c5de5d2cb3ea6288228b5f6126be163dbe62b050e7accef81d13e5cf35b447e6903a3f21b82019e676ad8b858ca60c48ca8126e391
  - remote: buf.build
    owner: envoyproxy
    repository: protoc-gen-validate
    commit: 71881f09a0c5420a9545a07987a86728
    digest: shake256:d320bbf06653b1b2b45a1f95bfa82bf7b998221a777a042708c50d6f86a30d1a85b50c5704c597142d9b308280efe1295d39d76d1abea5f7046d3df4c8cc3cef
  - remote: buf.build
    owner: google
    repository: cel-spec
    commit: f53499f1d3a943dd992429d381e99ab3
    digest: shake256:8fc347b32704c6873d0d75dbcc505ec0bfe34570f9e6a7ec27f95693631aed8016a3fe83b0fadfe97ae51d04127a70a812e5f75e33b615074f4a5f0831f8e2e7
  - remote: buf.build
    owner: googleapis
    repository: googleapis
    commit: a86849a25cc04f4dbe9b15ddddfbc488
    digest: shake256:e19143328f8cbfe13fc226aeee5e63773ca494693a72740a7560664270039a380d94a1344234b88c7691311460df9a9b1c2982190d0a2612eae80368718e1943
  - remote: buf.build
    owner: grpc-ecosystem
    repository: grpc-gateway
    commit: 3f42134f4c564983838425bc43c7a65f
    digest: shake256:3d11d4c0fe5e05fda0131afefbce233940e27f0c31c5d4e385686aea58ccd30f72053f61af432fa83f1fc11cda57f5f18ca3da26a29064f73c5a0d076bba8d92
  - remote: buf.build
    owner: opencensus
    repository: opencensus
    commit: 7e475551350545bda1ccb1e258c7b125
    digest: shake256:22499ad9824a29151f38e3ea026166bd2258f1f1b40d11246cb80718bff5d4a7fecd47ef857f5cd98609d7847c93329f603a4e43348abd7ac1ead22a6a964b05
  - remote: buf.build
    owner: opentelemetry
    repository: opentelemetry
    commit: 3341592ed9fd48dfbeaa81f6aed9541d
    digest: shake256:a6dce02bbb21653891959e9300fee89bc6956290210be6b3c5c81f996a1264b46480e11cb84b3c4771f4c24aac89dc97ab412a1b8bfa01c36c280925380049c4
  - remote: buf.build
    owner: prometheus
    repository: client-model
    commit: 52a9652d83c748fd933ee3006de0d573
    digest: shake256:d13a27a6cb3b71a30a2165819eec35404fed7f0b51c27171a576677bda3611ea8a31be7d5f72dbd66098c4bf2119ea3154e0c086bc91a0acf5c85bd05fb479d0
