# Generated by buf. DO NOT EDIT.
version: v1
deps:
  - remote: buf.build
    owner: cncf
    repository: xds
    commit: 197fca8a74c54bc888e0ccf2da3b9f65
    digest: shake256:cc68ed395f3531a8fa3a053a2c6f013fee057945a39b934aecdb3a204af7ea512da3e366b24ef72a9123985aeacb000291354799d8ac7dcb30e9907f30158110
  - remote: buf.build
    owner: envoyproxy
    repository: envoy
<<<<<<< HEAD
    commit: 06f4b970a087485a89ef31e9e59e0439
    digest: shake256:ce69d815c5b4f0b9ce79749714fc989b09f396b619a83ef1772acd88f0e1f9930cd56486aba2bf20d27afd1aada26658dcc6d699ee5264fb92f6be8e48999deb
||||||| 4ad36845
    commit: 422d4f72894e40b58eaf80c147f59973
    digest: shake256:c1f4424059d73f8f1a54823530cc46ecbcd3da72f3ed0b4d649bed9269379305b82ac7de134060e9d0fb2638368eee0b340488a99e77b25801ea9d5ad02fa4d8
=======
    commit: 83d4e23991bb42328f6970eee3473be5
    digest: shake256:e067a51835e266bf18d05e5400b6c794c71a26c4900e2ba8bffd4372aa0b6b7b1ae4cea856ac86a854d3e4b0dbd2711ada8dc16218dea6c567624ac60817a919
>>>>>>> main
  - remote: buf.build
    owner: envoyproxy
    repository: protoc-gen-validate
    commit: 6607b10f00ed4a3d98f906807131c44a
    digest: shake256:acc7b2ededb2f88d296862943a003b157bdb68ec93ed13dcd8566b2d06e47993ea6daf12013b9655658aaf6bbdb141cf65bfe400ce2870f4654b0a5b45e57c09
  - remote: buf.build
    owner: googleapis
    repository: googleapis
    commit: cc916c31859748a68fd229a3c8d7a2e8
    digest: shake256:469b049d0eb04203d5272062636c078decefc96fec69739159c25d85349c50c34c7706918a8b216c5c27f76939df48452148cff8c5c3ae77fa6ba5c25c1b8bf8
  - remote: buf.build
    owner: grpc-ecosystem
    repository: grpc-gateway
    commit: a1ecdc58eccd49aa8bea2a7a9022dc27
    digest: shake256:efdd86fbdc42e8b7259fe461a49656827a03fb7cba0b3b9eb622ca10654ec6beccb9a051229c1553ccd89ed3e95d69ad4d7c799f1da3f3f1bd447b7947a4893e
  - remote: buf.build
    owner: opencensus
    repository: opencensus
    commit: 7e475551350545bda1ccb1e258c7b125
    digest: shake256:22499ad9824a29151f38e3ea026166bd2258f1f1b40d11246cb80718bff5d4a7fecd47ef857f5cd98609d7847c93329f603a4e43348abd7ac1ead22a6a964b05
  - remote: buf.build
    owner: opentelemetry
    repository: opentelemetry
    commit: fa7dca2e541f43db9aa214e242c05687
    digest: shake256:721e788ffaecc447c44ef5624a34eb5f4e529bac3a3d7c8594e69e6227d5b9df58e9ea43dd6b116645e1e20ca086cb65584e1168a1a1a9b830af5785307fecaa
  - remote: buf.build
    owner: prometheus
    repository: client-model
    commit: 55bcfe88c9e54edc9048a91656832525
    digest: shake256:a507d3f983e7b8ca8b9a0527a8273eda8e8db6474c6712e1dacbfedb137c9b6f4c0fbbb8638b515183ac7e5e2281f84ec98840fabcf20fb2a2aa5b264891eb82
